
Microsoft Visual Studio Solution File, Format Version 12.00
# Visual Studio Version 17
VisualStudioVersion = 17.3.32922.545
MinimumVisualStudioVersion = 10.0.40219.1
Project("{FAE04EC0-301F-11D3-BF4B-00C04F79EFBC}") = "BulkyBookWeb", "BulkyBookWeb\BulkyBookWeb.csproj", "{F07E8CDB-F3C1-48F2-B44D-35150A0C9584}"
EndProject
Global
	GlobalSection(SolutionConfigurationPlatforms) = preSolution
		Debug|Any CPU = Debug|Any CPU
		Release|Any CPU = Release|Any CPU
	EndGlobalSection
	GlobalSection(ProjectConfigurationPlatforms) = postSolution
		{F07E8CDB-F3C1-48F2-B44D-35150A0C9584}.Debug|Any CPU.ActiveCfg = Debug|Any CPU
		{F07E8CDB-F3C1-48F2-B44D-35150A0C9584}.Debug|Any CPU.Build.0 = Debug|Any CPU
		{F07E8CDB-F3C1-48F2-B44D-35150A0C9584}.Release|Any CPU.ActiveCfg = Release|Any CPU
		{F07E8CDB-F3C1-48F2-B44D-35150A0C9584}.Release|Any CPU.Build.0 = Release|Any CPU
	EndGlobalSection
	GlobalSection(SolutionProperties) = preSolution
		HideSolutionNode = FALSE
	EndGlobalSection
	GlobalSection(ExtensibilityGlobals) = postSolution
		SolutionGuid = {D07F3F21-ECF4-48F0-8362-8111E594F173}
	EndGlobalSection
EndGlobal
